{
    "_meta": {
        "hash": {
            "sha256": "77b2ce767c88a395914d8af414f1677905583be64a1fb61f94f7feadef62e1ea"
        },
        "pipfile-spec": 6,
        "requires": {
            "python_version": ">=3.8"
        },
        "sources": [
            {
                "name": "pypi",
                "url": "https://pypi.org/simple",
                "verify_ssl": true
            }
        ]
    },
    "default": {
        "certifi": {
            "hashes": [
                "sha256:5a1e7645bc0ec61a09e26c36f6106dd4cf40c6db3a1fb6352b0244e7fb057c7b",
                "sha256:c198e21b1289c2ab85ee4e67bb4b4ef3ead0892059901a8d5b622f24a1101e90"
            ],
            "markers": "python_version >= '3.6'",
            "version": "==2024.7.4"
        },
        "charset-normalizer": {
            "hashes": [
                "sha256:06435b539f889b1f6f4ac1758871aae42dc3a8c0e24ac9e60c2384973ad73027",
                "sha256:06a81e93cd441c56a9b65d8e1d043daeb97a3d0856d177d5c90ba85acb3db087",
                "sha256:0a55554a2fa0d408816b3b5cedf0045f4b8e1a6065aec45849de2d6f3f8e9786",
                "sha256:0b2b64d2bb6d3fb9112bafa732def486049e63de9618b5843bcdd081d8144cd8",
                "sha256:10955842570876604d404661fbccbc9c7e684caf432c09c715ec38fbae45ae09",
                "sha256:122c7fa62b130ed55f8f285bfd56d5f4b4a5b503609d181f9ad85e55c89f4185",
                "sha256:1ceae2f17a9c33cb48e3263960dc5fc8005351ee19db217e9b1bb15d28c02574",
                "sha256:1d3193f4a680c64b4b6a9115943538edb896edc190f0b222e73761716519268e",
                "sha256:1f79682fbe303db92bc2b1136016a38a42e835d932bab5b3b1bfcfbf0640e519",
                "sha256:2127566c664442652f024c837091890cb1942c30937add288223dc895793f898",
                "sha256:22afcb9f253dac0696b5a4be4a1c0f8762f8239e21b99680099abd9b2b1b2269",
                "sha256:25baf083bf6f6b341f4121c2f3c548875ee6f5339300e08be3f2b2ba1721cdd3",
                "sha256:2e81c7b9c8979ce92ed306c249d46894776a909505d8f5a4ba55b14206e3222f",
                "sha256:3287761bc4ee9e33561a7e058c72ac0938c4f57fe49a09eae428fd88aafe7bb6",
                "sha256:34d1c8da1e78d2e001f363791c98a272bb734000fcef47a491c1e3b0505657a8",
                "sha256:37e55c8e51c236f95b033f6fb391d7d7970ba5fe7ff453dad675e88cf303377a",
                "sha256:3d47fa203a7bd9c5b6cee4736ee84ca03b8ef23193c0d1ca99b5089f72645c73",
                "sha256:3e4d1f6587322d2788836a99c69062fbb091331ec940e02d12d179c1d53e25fc",
                "sha256:42cb296636fcc8b0644486d15c12376cb9fa75443e00fb25de0b8602e64c1714",
                "sha256:45485e01ff4d3630ec0d9617310448a8702f70e9c01906b0d0118bdf9d124cf2",
                "sha256:4a78b2b446bd7c934f5dcedc588903fb2f5eec172f3d29e52a9096a43722adfc",
                "sha256:4ab2fe47fae9e0f9dee8c04187ce5d09f48eabe611be8259444906793ab7cbce",
                "sha256:4d0d1650369165a14e14e1e47b372cfcb31d6ab44e6e33cb2d4e57265290044d",
                "sha256:549a3a73da901d5bc3ce8d24e0600d1fa85524c10287f6004fbab87672bf3e1e",
                "sha256:55086ee1064215781fff39a1af09518bc9255b50d6333f2e4c74ca09fac6a8f6",
                "sha256:572c3763a264ba47b3cf708a44ce965d98555f618ca42c926a9c1616d8f34269",
                "sha256:573f6eac48f4769d667c4442081b1794f52919e7edada77495aaed9236d13a96",
                "sha256:5b4c145409bef602a690e7cfad0a15a55c13320ff7a3ad7ca59c13bb8ba4d45d",
                "sha256:6463effa3186ea09411d50efc7d85360b38d5f09b870c48e4600f63af490e56a",
                "sha256:65f6f63034100ead094b8744b3b97965785388f308a64cf8d7c34f2f2e5be0c4",
                "sha256:663946639d296df6a2bb2aa51b60a2454ca1cb29835324c640dafb5ff2131a77",
                "sha256:6897af51655e3691ff853668779c7bad41579facacf5fd7253b0133308cf000d",
                "sha256:68d1f8a9e9e37c1223b656399be5d6b448dea850bed7d0f87a8311f1ff3dabb0",
                "sha256:6ac7ffc7ad6d040517be39eb591cac5ff87416c2537df6ba3cba3bae290c0fed",
                "sha256:6b3251890fff30ee142c44144871185dbe13b11bab478a88887a639655be1068",
                "sha256:6c4caeef8fa63d06bd437cd4bdcf3ffefe6738fb1b25951440d80dc7df8c03ac",
                "sha256:6ef1d82a3af9d3eecdba2321dc1b3c238245d890843e040e41e470ffa64c3e25",
                "sha256:753f10e867343b4511128c6ed8c82f7bec3bd026875576dfd88483c5c73b2fd8",
                "sha256:7cd13a2e3ddeed6913a65e66e94b51d80a041145a026c27e6bb76c31a853c6ab",
                "sha256:7ed9e526742851e8d5cc9e6cf41427dfc6068d4f5a3bb03659444b4cabf6bc26",
                "sha256:7f04c839ed0b6b98b1a7501a002144b76c18fb1c1850c8b98d458ac269e26ed2",
                "sha256:802fe99cca7457642125a8a88a084cef28ff0cf9407060f7b93dca5aa25480db",
                "sha256:80402cd6ee291dcb72644d6eac93785fe2c8b9cb30893c1af5b8fdd753b9d40f",
                "sha256:8465322196c8b4d7ab6d1e049e4c5cb460d0394da4a27d23cc242fbf0034b6b5",
                "sha256:86216b5cee4b06df986d214f664305142d9c76df9b6512be2738aa72a2048f99",
                "sha256:87d1351268731db79e0f8e745d92493ee2841c974128ef629dc518b937d9194c",
                "sha256:8bdb58ff7ba23002a4c5808d608e4e6c687175724f54a5dade5fa8c67b604e4d",
                "sha256:8c622a5fe39a48f78944a87d4fb8a53ee07344641b0562c540d840748571b811",
                "sha256:8d756e44e94489e49571086ef83b2bb8ce311e730092d2c34ca8f7d925cb20aa",
                "sha256:8f4a014bc36d3c57402e2977dada34f9c12300af536839dc38c0beab8878f38a",
                "sha256:9063e24fdb1e498ab71cb7419e24622516c4a04476b17a2dab57e8baa30d6e03",
                "sha256:90d558489962fd4918143277a773316e56c72da56ec7aa3dc3dbbe20fdfed15b",
                "sha256:923c0c831b7cfcb071580d3f46c4baf50f174be571576556269530f4bbd79d04",
                "sha256:95f2a5796329323b8f0512e09dbb7a1860c46a39da62ecb2324f116fa8fdc85c",
                "sha256:96b02a3dc4381e5494fad39be677abcb5e6634bf7b4fa83a6dd3112607547001",
                "sha256:9f96df6923e21816da7e0ad3fd47dd8f94b2a5ce594e00677c0013018b813458",
                "sha256:a10af20b82360ab00827f916a6058451b723b4e65030c5a18577c8b2de5b3389",
                "sha256:a50aebfa173e157099939b17f18600f72f84eed3049e743b68ad15bd69b6bf99",
                "sha256:a981a536974bbc7a512cf44ed14938cf01030a99e9b3a06dd59578882f06f985",
                "sha256:a9a8e9031d613fd2009c182b69c7b2c1ef8239a0efb1df3f7c8da66d5dd3d537",
                "sha256:ae5f4161f18c61806f411a13b0310bea87f987c7d2ecdbdaad0e94eb2e404238",
                "sha256:aed38f6e4fb3f5d6bf81bfa990a07806be9d83cf7bacef998ab1a9bd660a581f",
                "sha256:b01b88d45a6fcb69667cd6d2f7a9aeb4bf53760d7fc536bf679ec94fe9f3ff3d",
                "sha256:b261ccdec7821281dade748d088bb6e9b69e6d15b30652b74cbbac25e280b796",
                "sha256:b2b0a0c0517616b6869869f8c581d4eb2dd83a4d79e0ebcb7d373ef9956aeb0a",
                "sha256:b4a23f61ce87adf89be746c8a8974fe1c823c891d8f86eb218bb957c924bb143",
                "sha256:bd8f7df7d12c2db9fab40bdd87a7c09b1530128315d047a086fa3ae3435cb3a8",
                "sha256:beb58fe5cdb101e3a055192ac291b7a21e3b7ef4f67fa1d74e331a7f2124341c",
                "sha256:c002b4ffc0be611f0d9da932eb0f704fe2602a9a949d1f738e4c34c75b0863d5",
                "sha256:c083af607d2515612056a31f0a8d9e0fcb5876b7bfc0abad3ecd275bc4ebc2d5",
                "sha256:c180f51afb394e165eafe4ac2936a14bee3eb10debc9d9e4db8958fe36afe711",
                "sha256:c235ebd9baae02f1b77bcea61bce332cb4331dc3617d254df3323aa01ab47bd4",
                "sha256:cd70574b12bb8a4d2aaa0094515df2463cb429d8536cfb6c7ce983246983e5a6",
                "sha256:d0eccceffcb53201b5bfebb52600a5fb483a20b61da9dbc885f8b103cbe7598c",
                "sha256:d965bba47ddeec8cd560687584e88cf699fd28f192ceb452d1d7ee807c5597b7",
                "sha256:db364eca23f876da6f9e16c9da0df51aa4f104a972735574842618b8c6d999d4",
                "sha256:ddbb2551d7e0102e7252db79ba445cdab71b26640817ab1e3e3648dad515003b",
                "sha256:deb6be0ac38ece9ba87dea880e438f25ca3eddfac8b002a2ec3d9183a454e8ae",
                "sha256:e06ed3eb3218bc64786f7db41917d4e686cc4856944f53d5bdf83a6884432e12",
                "sha256:e27ad930a842b4c5eb8ac0016b0a54f5aebbe679340c26101df33424142c143c",
                "sha256:e537484df0d8f426ce2afb2d0f8e1c3d0b114b83f8850e5f2fbea0e797bd82ae",
                "sha256:eb00ed941194665c332bf8e078baf037d6c35d7c4f3102ea2d4f16ca94a26dc8",
                "sha256:eb6904c354526e758fda7167b33005998fb68c46fbc10e013ca97f21ca5c8887",
                "sha256:eb8821e09e916165e160797a6c17edda0679379a4be5c716c260e836e122f54b",
                "sha256:efcb3f6676480691518c177e3b465bcddf57cea040302f9f4e6e191af91174d4",
                "sha256:f27273b60488abe721a075bcca6d7f3964f9f6f067c8c4c605743023d7d3944f",
                "sha256:f30c3cb33b24454a82faecaf01b19c18562b1e89558fb6c56de4d9118a032fd5",
                "sha256:fb69256e180cb6c8a894fee62b3afebae785babc1ee98b81cdf68bbca1987f33",
                "sha256:fd1abc0d89e30cc4e02e4064dc67fcc51bd941eb395c502aac3ec19fab46b519",
                "sha256:ff8fa367d09b717b2a17a052544193ad76cd49979c805768879cb63d9ca50561"
            ],
            "markers": "python_full_version >= '3.7.0'",
            "version": "==3.3.2"
        },
        "idna": {
            "hashes": [
                "sha256:028ff3aadf0609c1fd278d8ea3089299412a7a8b9bd005dd08b9f8285bcb5cfc",
                "sha256:82fee1fc78add43492d3a1898bfa6d8a904cc97d8427f683ed8e798d07761aa0"
            ],
            "markers": "python_version >= '3.5'",
            "version": "==3.7"
        },
        "jq": {
            "hashes": [
                "sha256:0137445eb67c43eb0eb46933aff7e8afbbd6c5aaf8574efd5df536dc9d177d1d",
                "sha256:05ebdaa868f068967d9e7cbf76e59e61fbdafa565dbc3579c387fb1f248592bb",
                "sha256:07e369ff021fad38a29d6a7a3fc24f7d313e9a239b15ce4eefaffee637466400",
                "sha256:0b0584ff33b2a9cc021edec325af4e0fa9fbd54cce80c1f7b8e0ba4cf2d75508",
                "sha256:0c777e88f3cce496c17f5c3bdbc7d74ff12b5cbdaea30f3a374f3cc92e5bba8d",
                "sha256:0ca25608d51fdbf8bd5c682b433e1cb9f497155a7c1ea5901524df099f1ceff3",
                "sha256:0cdbd32463ef632b0b4ca6dab434e2387342bc5c895b411ec6b2a14bbf4b2c12",
                "sha256:18d8a81c6e241585a0bf748903082d65c4eaa6ba80248f507e5cebda36e05c6c",
                "sha256:1d6b1fc2515b7be92195d50b68f82329cc0250c7fbca790b887d74902ba33870",
                "sha256:1e6e13e0f8d3204aefe861159160116e822c90bae773a3ccdd4d9e79a06e086e",
                "sha256:293b6e8e4b652d96fdeae7dd5ffb1644199d8b6fc1f95d528c16451925c0482e",
                "sha256:2a3430de179f8a7b0baf5675d5ee400f97344085d79f190a90fc0c7df990cbcc",
                "sha256:2bc5cb77dd12e861296cfa69587aa6797ccfee4f5f3aa571b02f0273ab1efec1",
                "sha256:2d097098a628171b87961fb0400117ac340b1eb40cbbee2e58208c4254c23c20",
                "sha256:2d472cdd0bcb3d47c87b00ff841edff41c79fe4422523c4a7c8bf913fb950f7f",
                "sha256:2e99ea17b708f55e8bed2f4f68c022119184b17eb15987b384db12e8b6702bd5",
                "sha256:306c1e3ba531d7dc3284e128689f0b75409a4e8e8a3bdac2c51cc26f2d3cca58",
                "sha256:3427ad0f377f188953958e36b76167c8d11b8c8c61575c22deafa4aba58d601f",
                "sha256:38e2041ca578275334eff9e1d913ae386210345e5ae71cd9c16e3f208dc81deb",
                "sha256:396bef4b4c9c1ebe3e0e04e287bc79a861b991e12db45681c398d3906ee85468",
                "sha256:39a0c71ed2f1ec0462d54678333f1b14d9f25fd62a9f46df140d68552f79d204",
                "sha256:3daf3b3443c4e871c23ac1e698eb70d1225b46a4ac79c73968234adcd70f3ed8",
                "sha256:40fe068d1fdf2c712885b69be90ddb3e61bca3e4346ab3994641a4fbbeb7be82",
                "sha256:45bc842806d71bd5839c190a88fd071ac5a0a8a1dd601e83228494a19f14559c",
                "sha256:4bbf77138cdd8d306bf335d998525a0477e4cb6f00eb6f361288f5b82274e84c",
                "sha256:4be2a2b56fa139f3235cdb8422ea16eccdd48d62bf91d9fac10761cd55d26c84",
                "sha256:4e0f95cecb690df66f23a8d76c746d2ed15671de3f6101140e3fe2b98b97e0a8",
                "sha256:4ee0e9307b6d4fe89a8556a92c1db65e0d66218bcc13fdeb92a09645a55ff87a",
                "sha256:553dfbf674069cb20533d7d74cd8a9d7982bab8e4a5b473fde105d99278df09f",
                "sha256:558a5c6b4430e05fa59c4b5631c0d3fc0f163100390c03edc1993663f59d8a9b",
                "sha256:6a2d34d962ce2da5136dab2664fc7efad9f71024d0dc328702f2dc70b4e2735c",
                "sha256:757e8c4cb0cb1175f0aaa227f0a26e4765ba5da04d0bc875b0bd933eff6bd0a0",
                "sha256:76735cd19de65c15964d330adbc2c84add8e55dea35ebfe17b9acf88a06a7d57",
                "sha256:76cc5a1ca3a540a5753dbd592f701c1ec7c9cc256becba604490283c055f3f1c",
                "sha256:79957008c67d8f1d9134cd0e01044bff5d795f7e94db9532a9fe9212e1f88a77",
                "sha256:79b9603219fa5082df97d265d71c426613286bd0e5378a8739ce39056fa1e2dc",
                "sha256:7db8260ecb57827bb3fb6f44d4a6f0db0570ded990eee95a5fd3ac9ba14f60d7",
                "sha256:88b8b0cc838c7387dc5e8c45b192c7504acd0510514658d2d5cd1716fcf15fe3",
                "sha256:8e10a5937aab9c383632ab151f73d43dc0c4be99f62221a7044988dc8ddd4bdc",
                "sha256:8ec105a0057f2f922d195e1d75d4b0ae41c4b38655ead04d1a3a47988fcb1939",
                "sha256:90032c2c4e710157d333d166818ede8b9c8ef0f697e59c9427304edc47146f3d",
                "sha256:9413f67ea28037e37ccf8951f9f0b380f31d79162f33e216faa6bd0d8eca0dc7",
                "sha256:95d4bcd5a999ce0aaadaadcaca967989f0efc96c1097a81746b21b6126cf7aaf",
                "sha256:95e472aa54efe418d3627dcd2a369ac0b21e1a5e352550144fd5f0c40585a5b7",
                "sha256:9ad7749a16a16bafd6cebafd5e40990b641b4b6b7b661326864677effc44a500",
                "sha256:9b9a49e8b14d3a368011ed1412c8c3e193a7135d5eb4310d77ee643470112b47",
                "sha256:9c75e16e542f4abaae25727b9fc4eeaf69cb07122be8a2a7672d02feb3a1cc9a",
                "sha256:9fffcffc8e56585223878edd7c5d719eb8547281d64af2bac43911f1bb9e7029",
                "sha256:a0cc15b2ed511a1a8784c7c7dc07781e28d84a65934062de52487578732e0514",
                "sha256:a10e3f88b6d2bbb4c47b368f919ec7b648196bf9c60a5cc921d04239d68240c2",
                "sha256:a2981a24765a747163e0daa23648372b72a006e727895b95d032632aa51094bd",
                "sha256:a2e6919481ff43754ae9b17a98c877995d5e1346be114c71cd0dfd8ff7d0cd60",
                "sha256:a6b2e9f4e63644a30726c58c25d80015f9b83325b125615a46e10d4439b9dc99",
                "sha256:a6e7259880ab7e75e845fb4d56c6d18922c68789d25d7cdbb6f433d9e714613a",
                "sha256:aa85b47effb4152e1cf1120607f475a1c11395d072323ff23e8bb59ce6752713",
                "sha256:acbb375bdb2a44f1a643123b8ec57563bb5542673f0399799ab5662ce90bf4a5",
                "sha256:ade00a39990fdfe0acc7d2a900e3e5e6b11a71eb5289954ff0df31ac0afae25b",
                "sha256:b3f916cb812fcd26bb1b006634d9c0eff240090196ca0ebb5d229b344f624e53",
                "sha256:b4828ac689a67fd9c021796bcacd95811bab806939dd6316eb0c2d3de016c584",
                "sha256:c6b841ddd9089429fc0621d07d1c34ff24f7d6a6245c10125b82806f61e36ae8",
                "sha256:c94f95b27720d2db7f1039fdd371f70bc0cac8e204cbfd0626176d7b8a3053d6",
                "sha256:ce1df1b6fffeeeb265d4ea3397e9875ab170ba5a7af6b7997c2fd755934df065",
                "sha256:d5ff445fc9b1eb4623a914e04bea9511e654e9143cde82b039383af4f7dc36f2",
                "sha256:d8fae014fa8b2704322a5baa39c112176d9acb71e22ebdb8e21c1c864ecff654",
                "sha256:dbe03f95ab02dc045691c3b5c7da8d8c2128e60450fb2124ea8b49034c74f158",
                "sha256:e715d5f0bdfc0be0ff33cd0a3f6f51f8bc5ad464fab737e2048a1b46b45bb582",
                "sha256:e9c5ccfa3cf65f92b60c5805ef725f7cd799f2dc16e8601c6e8f12f38a9f48f3",
                "sha256:e9fbc76f6fec66e5e58cc84f20a5de80addd3c64ad87a748f5c5f6b4ef01bc8c",
                "sha256:eb6546a57a3ceeed41961be2f1417b4e7a5b3170cca7bb82f5974d2ba9acaab6",
                "sha256:f0629743417f8709305d1f77d3929493912efdc3fd1cce3a7fcc76b81bc6b82d",
                "sha256:f103868b8902d4ee7f643248bdd7a2de9f9396e4b262f42745b9f624c834d07a",
                "sha256:f460d1f2c3791617e4fb339fa24efbdbebe672b02c861f057358553642047040",
                "sha256:fdbb7ff2dfce2cc0f421f498dcb64176997bd9d9e6cab474e59577e7bff3090d"
            ],
            "index": "pypi",
            "markers": "python_version >= '3.5'",
            "version": "==1.7.0"
        },
        "python-dotenv": {
            "hashes": [
                "sha256:a8df96034aae6d2d50a4ebe8216326c61c3eb64836776504fcca410e5937a3ba",
                "sha256:f5971a9226b701070a4bf2c38c89e5a3f0d64de8debda981d1db98583009122a"
            ],
            "index": "pypi",
            "markers": "python_version >= '3.8'",
            "version": "==1.0.0"
        },
        "requests": {
            "hashes": [
                "sha256:58cd2187c01e70e6e26505bca751777aa9f2ee0b7f4300988b709f44e013003f",
                "sha256:942c5a758f98d790eaed1a29cb6eefc7ffb0d1cf7af05c3d2791656dbd6ad1e1"
            ],
            "index": "pypi",
            "markers": "python_version >= '3.7'",
            "version": "==2.31.0"
        },
        "setuptools": {
            "hashes": [
                "sha256:b8b8060bb426838fbe942479c90296ce976249451118ef566a5a0b7d8b78fb05",
                "sha256:bd63e505105011b25c3c11f753f7e3b8465ea739efddaccef8f0efac2137bac1"
            ],
            "markers": "python_version >= '3.8'",
            "version": "==70.2.0"
        },
        "synology-api": {
            "hashes": [
                "sha256:a957131007f99b1401a5bf0cf7061e64582a9254ab3cff1a73ec6a28e2d7ec4f",
                "sha256:e80c92036727d594198a54475c030dac0a9e8737369a0e09effca41b577f3a37"
            ],
            "index": "pypi",
            "version": "==0.7.2"
        },
        "urllib3": {
            "hashes": [
                "sha256:a448b2f64d686155468037e1ace9f2d2199776e17f0a46610480d311f73e3472",
                "sha256:dd505485549a7a552833da5e6063639d0d177c04f23bc3864e41e5dc5f612168"
            ],
            "markers": "python_version >= '3.8'",
            "version": "==2.2.2"
        }
    },
    "develop": {}
}
